{
  "name": "kuzzle-enterprise-probe",
  "version": "1.0.0",
  "lockfileVersion": 1,
  "requires": true,
  "dependencies": {
    "create-thenable": {
      "version": "1.0.2",
      "resolved": "https://registry.npmjs.org/create-thenable/-/create-thenable-1.0.2.tgz",
      "integrity": "sha1-4gMXIMzJV12M+jH1wUbnYqgMBTQ=",
      "dev": true,
      "requires": {
        "object.omit": "2.0.1",
        "unique-concat": "0.2.2"
      }
    },
    "debug": {
      "version": "3.0.1",
      "resolved": "https://registry.npmjs.org/debug/-/debug-3.0.1.tgz",
      "integrity": "sha512-6nVc6S36qbt/mutyt+UGMnawAMrPDZUPQjRZI3FS9tCtDRhvxJbK79unYBLPi+z5SLXQ3ftoVBFCblQtNSls8w==",
      "requires": {
        "ms": "2.0.0"
      },
      "dependencies": {
        "ms": {
          "version": "2.0.0",
          "resolved": "https://registry.npmjs.org/ms/-/ms-2.0.0.tgz",
          "integrity": "sha1-VgiurfwAvmwpAd9fmGF4jeDVl8g="
        }
      }
    },
    "for-in": {
      "version": "1.0.2",
      "resolved": "https://registry.npmjs.org/for-in/-/for-in-1.0.2.tgz",
      "integrity": "sha1-gQaNKVqBQuwKxybG4iAMMPttXoA=",
      "dev": true
    },
    "for-own": {
      "version": "0.1.5",
      "resolved": "https://registry.npmjs.org/for-own/-/for-own-0.1.5.tgz",
      "integrity": "sha1-UmXGgaTylNq78XyVCbZ2OqhFEM4=",
      "dev": true,
      "requires": {
        "for-in": "1.0.2"
      }
    },
    "is-extendable": {
      "version": "0.1.1",
      "resolved": "https://registry.npmjs.org/is-extendable/-/is-extendable-0.1.1.tgz",
      "integrity": "sha1-YrEQ4omkcUGOPsNqYX1HLjAd/Ik=",
      "dev": true
    },
    "native-promise-only": {
      "version": "0.8.1",
      "resolved": "https://registry.npmjs.org/native-promise-only/-/native-promise-only-0.8.1.tgz",
      "integrity": "sha1-IKMYwwy0X3H+et+/eyHJnBRy7xE=",
      "dev": true
    },
    "object.omit": {
      "version": "2.0.1",
      "resolved": "https://registry.npmjs.org/object.omit/-/object.omit-2.0.1.tgz",
      "integrity": "sha1-Gpx0SCnznbuFjHbKNXmuKlTr0fo=",
      "dev": true,
      "requires": {
        "for-own": "0.1.5",
        "is-extendable": "0.1.1"
      }
    },
    "sinon-as-promised": {
      "version": "4.0.3",
      "resolved": "https://registry.npmjs.org/sinon-as-promised/-/sinon-as-promised-4.0.3.tgz",
      "integrity": "sha1-wFRbFoX9gTWIpO1pcBJIftEdFRs=",
      "dev": true,
      "requires": {
        "create-thenable": "1.0.2",
        "native-promise-only": "0.8.1"
      }
    },
    "unique-concat": {
      "version": "0.2.2",
      "resolved": "https://registry.npmjs.org/unique-concat/-/unique-concat-0.2.2.tgz",
      "integrity": "sha1-khD5vcqsxeHjkpSQ18AZ35bxhxI=",
      "dev": true
    }
  }
}
